
Microsoft Visual Studio Solution File, Format Version 12.00
# Visual Studio Version 17
VisualStudioVersion = 17.0.31903.59
MinimumVisualStudioVersion = 10.0.40219.1
Project("{2150E333-8FDC-42A3-9474-1A3956D46DE8}") = "src", "src", "{827E0CD3-B72D-47B6-A68D-7590B98EB39B}"
EndProject
Project("{2150E333-8FDC-42A3-9474-1A3956D46DE8}") = "core", "core", "{8D626EA8-CB54-BC41-363A-217881BEBA6E}"
EndProject
Project("{FAE04EC0-301F-11D3-BF4B-00C04F79EFBC}") = "QuickApi.Core", "src\core\QuickApi.Core.csproj", "{255E4F88-0733-4C58-8566-38C319E80B72}"
EndProject
Project("{2150E333-8FDC-42A3-9474-1A3956D46DE8}") = "cli", "cli", "{778427DF-EB2C-5228-964E-6D535DE253CA}"
EndProject
Project("{FAE04EC0-301F-11D3-BF4B-00C04F79EFBC}") = "QuickApi.Cli", "src\cli\QuickApi.Cli.csproj", "{3666F8B2-C005-45CB-9C97-41887CA88BBB}"
EndProject
Project("{2150E333-8FDC-42A3-9474-1A3956D46DE8}") = "test", "test", "{3E72BF5C-0B5E-D5BD-DCAE-6B991004B4A5}"
EndProject
Project("{FAE04EC0-301F-11D3-BF4B-00C04F79EFBC}") = "QuickApi.Tests", "src\test\QuickApi.Tests.csproj", "{BF390D8A-67EA-45B6-A3F1-A095132901BA}"
EndProject
Project("{2150E333-8FDC-42A3-9474-1A3956D46DE8}") = "hosting", "hosting", "{F489E2D5-C65D-9AA9-2B96-C7DF79630172}"
EndProject
Project("{FAE04EC0-301F-11D3-BF4B-00C04F79EFBC}") = "QuickApi.Hosting", "src\hosting\QuickApi.Hosting.csproj", "{D74B0113-A968-4CA1-8858-5CADA089F9A4}"
EndProject
Project("{2150E333-8FDC-42A3-9474-1A3956D46DE8}") = "tests", "tests", "{0AB3BF05-4346-4AA6-1389-037BE0695223}"
EndProject
Project("{FAE04EC0-301F-11D3-BF4B-00C04F79EFBC}") = "QuickApi.Core.Tests", "tests\QuickApi.Core.Tests\QuickApi.Core.Tests.csproj", "{FE133314-490E-406F-9840-E3A2DD65CA29}"
EndProject
Project("{FAE04EC0-301F-11D3-BF4B-00C04F79EFBC}") = "QuickApi.Hosting.Tests", "tests\QuickApi.Hosting.Tests\QuickApi.Hosting.Tests.csproj", "{1CF47183-0013-447C-88B5-17D8DBB5C043}"
EndProject
Project("{FAE04EC0-301F-11D3-BF4B-00C04F79EFBC}") = "QuickApi.Cli.Tests", "tests\QuickApi.Cli.Tests\QuickApi.Cli.Tests.csproj", "{DA3D6570-2B00-40B4-ADAB-5950DF2927A2}"
EndProject
Global
	GlobalSection(SolutionConfigurationPlatforms) = preSolution
		Debug|Any CPU = Debug|Any CPU
		Debug|x64 = Debug|x64
		Debug|x86 = Debug|x86
		Release|Any CPU = Release|Any CPU
		Release|x64 = Release|x64
		Release|x86 = Release|x86
	EndGlobalSection
	GlobalSection(ProjectConfigurationPlatforms) = postSolution
		{255E4F88-0733-4C58-8566-38C319E80B72}.Debug|Any CPU.ActiveCfg = Debug|Any CPU
		{255E4F88-0733-4C58-8566-38C319E80B72}.Debug|Any CPU.Build.0 = Debug|Any CPU
		{255E4F88-0733-4C58-8566-38C319E80B72}.Debug|x64.ActiveCfg = Debug|Any CPU
		{255E4F88-0733-4C58-8566-38C319E80B72}.Debug|x64.Build.0 = Debug|Any CPU
		{255E4F88-0733-4C58-8566-38C319E80B72}.Debug|x86.ActiveCfg = Debug|Any CPU
		{255E4F88-0733-4C58-8566-38C319E80B72}.Debug|x86.Build.0 = Debug|Any CPU
		{255E4F88-0733-4C58-8566-38C319E80B72}.Release|Any CPU.ActiveCfg = Release|Any CPU
		{255E4F88-0733-4C58-8566-38C319E80B72}.Release|Any CPU.Build.0 = Release|Any CPU
		{255E4F88-0733-4C58-8566-38C319E80B72}.Release|x64.ActiveCfg = Release|Any CPU
		{255E4F88-0733-4C58-8566-38C319E80B72}.Release|x64.Build.0 = Release|Any CPU
		{255E4F88-0733-4C58-8566-38C319E80B72}.Release|x86.ActiveCfg = Release|Any CPU
		{255E4F88-0733-4C58-8566-38C319E80B72}.Release|x86.Build.0 = Release|Any CPU
		{3666F8B2-C005-45CB-9C97-41887CA88BBB}.Debug|Any CPU.ActiveCfg = Debug|Any CPU
		{3666F8B2-C005-45CB-9C97-41887CA88BBB}.Debug|Any CPU.Build.0 = Debug|Any CPU
		{3666F8B2-C005-45CB-9C97-41887CA88BBB}.Debug|x64.ActiveCfg = Debug|Any CPU
		{3666F8B2-C005-45CB-9C97-41887CA88BBB}.Debug|x64.Build.0 = Debug|Any CPU
		{3666F8B2-C005-45CB-9C97-41887CA88BBB}.Debug|x86.ActiveCfg = Debug|Any CPU
		{3666F8B2-C005-45CB-9C97-41887CA88BBB}.Debug|x86.Build.0 = Debug|Any CPU
		{3666F8B2-C005-45CB-9C97-41887CA88BBB}.Release|Any CPU.ActiveCfg = Release|Any CPU
		{3666F8B2-C005-45CB-9C97-41887CA88BBB}.Release|Any CPU.Build.0 = Release|Any CPU
		{3666F8B2-C005-45CB-9C97-41887CA88BBB}.Release|x64.ActiveCfg = Release|Any CPU
		{3666F8B2-C005-45CB-9C97-41887CA88BBB}.Release|x64.Build.0 = Release|Any CPU
		{3666F8B2-C005-45CB-9C97-41887CA88BBB}.Release|x86.ActiveCfg = Release|Any CPU
		{3666F8B2-C005-45CB-9C97-41887CA88BBB}.Release|x86.Build.0 = Release|Any CPU
		{BF390D8A-67EA-45B6-A3F1-A095132901BA}.Debug|Any CPU.ActiveCfg = Debug|Any CPU
		{BF390D8A-67EA-45B6-A3F1-A095132901BA}.Debug|Any CPU.Build.0 = Debug|Any CPU
		{BF390D8A-67EA-45B6-A3F1-A095132901BA}.Debug|x64.ActiveCfg = Debug|Any CPU
		{BF390D8A-67EA-45B6-A3F1-A095132901BA}.Debug|x64.Build.0 = Debug|Any CPU
		{BF390D8A-67EA-45B6-A3F1-A095132901BA}.Debug|x86.ActiveCfg = Debug|Any CPU
		{BF390D8A-67EA-45B6-A3F1-A095132901BA}.Debug|x86.Build.0 = Debug|Any CPU
		{BF390D8A-67EA-45B6-A3F1-A095132901BA}.Release|Any CPU.ActiveCfg = Release|Any CPU
		{BF390D8A-67EA-45B6-A3F1-A095132901BA}.Release|Any CPU.Build.0 = Release|Any CPU
		{BF390D8A-67EA-45B6-A3F1-A095132901BA}.Release|x64.ActiveCfg = Release|Any CPU
		{BF390D8A-67EA-45B6-A3F1-A095132901BA}.Release|x64.Build.0 = Release|Any CPU
		{BF390D8A-67EA-45B6-A3F1-A095132901BA}.Release|x86.ActiveCfg = Release|Any CPU
		{BF390D8A-67EA-45B6-A3F1-A095132901BA}.Release|x86.Build.0 = Release|Any CPU
		{D74B0113-A968-4CA1-8858-5CADA089F9A4}.Debug|Any CPU.ActiveCfg = Debug|Any CPU
		{D74B0113-A968-4CA1-8858-5CADA089F9A4}.Debug|Any CPU.Build.0 = Debug|Any CPU
		{D74B0113-A968-4CA1-8858-5CADA089F9A4}.Debug|x64.ActiveCfg = Debug|Any CPU
		{D74B0113-A968-4CA1-8858-5CADA089F9A4}.Debug|x64.Build.0 = Debug|Any CPU
		{D74B0113-A968-4CA1-8858-5CADA089F9A4}.Debug|x86.ActiveCfg = Debug|Any CPU
		{D74B0113-A968-4CA1-8858-5CADA089F9A4}.Debug|x86.Build.0 = Debug|Any CPU
		{D74B0113-A968-4CA1-8858-5CADA089F9A4}.Release|Any CPU.ActiveCfg = Release|Any CPU
		{D74B0113-A968-4CA1-8858-5CADA089F9A4}.Release|Any CPU.Build.0 = Release|Any CPU
		{D74B0113-A968-4CA1-8858-5CADA089F9A4}.Release|x64.ActiveCfg = Release|Any CPU
		{D74B0113-A968-4CA1-8858-5CADA089F9A4}.Release|x64.Build.0 = Release|Any CPU
		{D74B0113-A968-4CA1-8858-5CADA089F9A4}.Release|x86.ActiveCfg = Release|Any CPU
		{D74B0113-A968-4CA1-8858-5CADA089F9A4}.Release|x86.Build.0 = Release|Any CPU
		{FE133314-490E-406F-9840-E3A2DD65CA29}.Debug|Any CPU.ActiveCfg = Debug|Any CPU
		{FE133314-490E-406F-9840-E3A2DD65CA29}.Debug|Any CPU.Build.0 = Debug|Any CPU
		{FE133314-490E-406F-9840-E3A2DD65CA29}.Debug|x64.ActiveCfg = Debug|Any CPU
		{FE133314-490E-406F-9840-E3A2DD65CA29}.Debug|x64.Build.0 = Debug|Any CPU
		{FE133314-490E-406F-9840-E3A2DD65CA29}.Debug|x86.ActiveCfg = Debug|Any CPU
		{FE133314-490E-406F-9840-E3A2DD65CA29}.Debug|x86.Build.0 = Debug|Any CPU
		{FE133314-490E-406F-9840-E3A2DD65CA29}.Release|Any CPU.ActiveCfg = Release|Any CPU
		{FE133314-490E-406F-9840-E3A2DD65CA29}.Release|Any CPU.Build.0 = Release|Any CPU
		{FE133314-490E-406F-9840-E3A2DD65CA29}.Release|x64.ActiveCfg = Release|Any CPU
		{FE133314-490E-406F-9840-E3A2DD65CA29}.Release|x64.Build.0 = Release|Any CPU
		{FE133314-490E-406F-9840-E3A2DD65CA29}.Release|x86.ActiveCfg = Release|Any CPU
		{FE133314-490E-406F-9840-E3A2DD65CA29}.Release|x86.Build.0 = Release|Any CPU
		{1CF47183-0013-447C-88B5-17D8DBB5C043}.Debug|Any CPU.ActiveCfg = Debug|Any CPU
		{1CF47183-0013-447C-88B5-17D8DBB5C043}.Debug|Any CPU.Build.0 = Debug|Any CPU
		{1CF47183-0013-447C-88B5-17D8DBB5C043}.Debug|x64.ActiveCfg = Debug|Any CPU
		{1CF47183-0013-447C-88B5-17D8DBB5C043}.Debug|x64.Build.0 = Debug|Any CPU
		{1CF47183-0013-447C-88B5-17D8DBB5C043}.Debug|x86.ActiveCfg = Debug|Any CPU
		{1CF47183-0013-447C-88B5-17D8DBB5C043}.Debug|x86.Build.0 = Debug|Any CPU
		{1CF47183-0013-447C-88B5-17D8DBB5C043}.Release|Any CPU.ActiveCfg = Release|Any CPU
		{1CF47183-0013-447C-88B5-17D8DBB5C043}.Release|Any CPU.Build.0 = Release|Any CPU
		{1CF47183-0013-447C-88B5-17D8DBB5C043}.Release|x64.ActiveCfg = Release|Any CPU
		{1CF47183-0013-447C-88B5-17D8DBB5C043}.Release|x64.Build.0 = Release|Any CPU
		{1CF47183-0013-447C-88B5-17D8DBB5C043}.Release|x86.ActiveCfg = Release|Any CPU
		{1CF47183-0013-447C-88B5-17D8DBB5C043}.Release|x86.Build.0 = Release|Any CPU
		{DA3D6570-2B00-40B4-ADAB-5950DF2927A2}.Debug|Any CPU.ActiveCfg = Debug|Any CPU
		{DA3D6570-2B00-40B4-ADAB-5950DF2927A2}.Debug|Any CPU.Build.0 = Debug|Any CPU
		{DA3D6570-2B00-40B4-ADAB-5950DF2927A2}.Debug|x64.ActiveCfg = Debug|Any CPU
		{DA3D6570-2B00-40B4-ADAB-5950DF2927A2}.Debug|x64.Build.0 = Debug|Any CPU
		{DA3D6570-2B00-40B4-ADAB-5950DF2927A2}.Debug|x86.ActiveCfg = Debug|Any CPU
		{DA3D6570-2B00-40B4-ADAB-5950DF2927A2}.Debug|x86.Build.0 = Debug|Any CPU
		{DA3D6570-2B00-40B4-ADAB-5950DF2927A2}.Release|Any CPU.ActiveCfg = Release|Any CPU
		{DA3D6570-2B00-40B4-ADAB-5950DF2927A2}.Release|Any CPU.Build.0 = Release|Any CPU
		{DA3D6570-2B00-40B4-ADAB-5950DF2927A2}.Release|x64.ActiveCfg = Release|Any CPU
		{DA3D6570-2B00-40B4-ADAB-5950DF2927A2}.Release|x64.Build.0 = Release|Any CPU
		{DA3D6570-2B00-40B4-ADAB-5950DF2927A2}.Release|x86.ActiveCfg = Release|Any CPU
		{DA3D6570-2B00-40B4-ADAB-5950DF2927A2}.Release|x86.Build.0 = Release|Any CPU
	EndGlobalSection
	GlobalSection(SolutionProperties) = preSolution
		HideSolutionNode = FALSE
	EndGlobalSection
	GlobalSection(NestedProjects) = preSolution
		{8D626EA8-CB54-BC41-363A-217881BEBA6E} = {827E0CD3-B72D-47B6-A68D-7590B98EB39B}
		{255E4F88-0733-4C58-8566-38C319E80B72} = {8D626EA8-CB54-BC41-363A-217881BEBA6E}
		{778427DF-EB2C-5228-964E-6D535DE253CA} = {827E0CD3-B72D-47B6-A68D-7590B98EB39B}
		{3666F8B2-C005-45CB-9C97-41887CA88BBB} = {778427DF-EB2C-5228-964E-6D535DE253CA}
		{3E72BF5C-0B5E-D5BD-DCAE-6B991004B4A5} = {827E0CD3-B72D-47B6-A68D-7590B98EB39B}
		{BF390D8A-67EA-45B6-A3F1-A095132901BA} = {3E72BF5C-0B5E-D5BD-DCAE-6B991004B4A5}
		{F489E2D5-C65D-9AA9-2B96-C7DF79630172} = {827E0CD3-B72D-47B6-A68D-7590B98EB39B}
		{D74B0113-A968-4CA1-8858-5CADA089F9A4} = {F489E2D5-C65D-9AA9-2B96-C7DF79630172}
		{FE133314-490E-406F-9840-E3A2DD65CA29} = {0AB3BF05-4346-4AA6-1389-037BE0695223}
		{1CF47183-0013-447C-88B5-17D8DBB5C043} = {0AB3BF05-4346-4AA6-1389-037BE0695223}
		{DA3D6570-2B00-40B4-ADAB-5950DF2927A2} = {0AB3BF05-4346-4AA6-1389-037BE0695223}
	EndGlobalSection
EndGlobal
